
Microsoft Visual Studio Solution File, Format Version 12.00
# Visual Studio Version 17
VisualStudioVersion = 17.14.36717.8 d17.14
MinimumVisualStudioVersion = 10.0.40219.1
Project("{FAE04EC0-301F-11D3-BF4B-00C04F79EFBC}") = "WorkshopCodeFirst", "WorkshopCodeFirst\WorkshopCodeFirst.csproj", "{2BE3533A-264E-4AFA-AC1B-D2ED5D45395B}"
EndProject
Global
	GlobalSection(SolutionConfigurationPlatforms) = preSolution
		Debug|Any CPU = Debug|Any CPU
		Release|Any CPU = Release|Any CPU
	EndGlobalSection
	GlobalSection(ProjectConfigurationPlatforms) = postSolution
		{2BE3533A-264E-4AFA-AC1B-D2ED5D45395B}.Debug|Any CPU.ActiveCfg = Debug|Any CPU
		{2BE3533A-264E-4AFA-AC1B-D2ED5D45395B}.Debug|Any CPU.Build.0 = Debug|Any CPU
		{2BE3533A-264E-4AFA-AC1B-D2ED5D45395B}.Release|Any CPU.ActiveCfg = Release|Any CPU
		{2BE3533A-264E-4AFA-AC1B-D2ED5D45395B}.Release|Any CPU.Build.0 = Release|Any CPU
	EndGlobalSection
	GlobalSection(SolutionProperties) = preSolution
		HideSolutionNode = FALSE
	EndGlobalSection
	GlobalSection(ExtensibilityGlobals) = postSolution
		SolutionGuid = {24ED8566-1FCC-4832-87D4-B91443FDAD1E}
	EndGlobalSection
EndGlobal
