
Microsoft Visual Studio Solution File, Format Version 12.00
# Visual Studio Version 17
VisualStudioVersion = 17.14.36414.22 d17.14
MinimumVisualStudioVersion = 10.0.40219.1
Project("{FAE04EC0-301F-11D3-BF4B-00C04F79EFBC}") = "WorkshopC#Debugger", "WorkshopC#Debugger.csproj", "{A3385A88-452C-40BB-8FC1-A7D99A3F48FB}"
EndProject
Global
	GlobalSection(SolutionConfigurationPlatforms) = preSolution
		Debug|Any CPU = Debug|Any CPU
		Release|Any CPU = Release|Any CPU
	EndGlobalSection
	GlobalSection(ProjectConfigurationPlatforms) = postSolution
		{A3385A88-452C-40BB-8FC1-A7D99A3F48FB}.Debug|Any CPU.ActiveCfg = Debug|Any CPU
		{A3385A88-452C-40BB-8FC1-A7D99A3F48FB}.Debug|Any CPU.Build.0 = Debug|Any CPU
		{A3385A88-452C-40BB-8FC1-A7D99A3F48FB}.Release|Any CPU.ActiveCfg = Release|Any CPU
		{A3385A88-452C-40BB-8FC1-A7D99A3F48FB}.Release|Any CPU.Build.0 = Release|Any CPU
	EndGlobalSection
	GlobalSection(SolutionProperties) = preSolution
		HideSolutionNode = FALSE
	EndGlobalSection
	GlobalSection(ExtensibilityGlobals) = postSolution
		SolutionGuid = {AE379D31-B386-48C2-9271-938B354E631F}
	EndGlobalSection
EndGlobal
