
Microsoft Visual Studio Solution File, Format Version 12.00
# Visual Studio Version 17
VisualStudioVersion = 17.14.36414.22 d17.14
MinimumVisualStudioVersion = 10.0.40219.1
Project("{FAE04EC0-301F-11D3-BF4B-00C04F79EFBC}") = "WorkshopDataStrukturer", "WorkshopDataStrukturer\WorkshopDataStrukturer.csproj", "{867EE1AD-C00B-4671-A2E5-47743CCC3D4C}"
EndProject
Global
	GlobalSection(SolutionConfigurationPlatforms) = preSolution
		Debug|Any CPU = Debug|Any CPU
		Release|Any CPU = Release|Any CPU
	EndGlobalSection
	GlobalSection(ProjectConfigurationPlatforms) = postSolution
		{867EE1AD-C00B-4671-A2E5-47743CCC3D4C}.Debug|Any CPU.ActiveCfg = Debug|Any CPU
		{867EE1AD-C00B-4671-A2E5-47743CCC3D4C}.Debug|Any CPU.Build.0 = Debug|Any CPU
		{867EE1AD-C00B-4671-A2E5-47743CCC3D4C}.Release|Any CPU.ActiveCfg = Release|Any CPU
		{867EE1AD-C00B-4671-A2E5-47743CCC3D4C}.Release|Any CPU.Build.0 = Release|Any CPU
	EndGlobalSection
	GlobalSection(SolutionProperties) = preSolution
		HideSolutionNode = FALSE
	EndGlobalSection
	GlobalSection(ExtensibilityGlobals) = postSolution
		SolutionGuid = {8D2C2642-FB4E-4527-A6E1-E7FA9C7C1CE1}
	EndGlobalSection
EndGlobal
