
Microsoft Visual Studio Solution File, Format Version 12.00
# Visual Studio Version 17
VisualStudioVersion = 17.14.36414.22 d17.14
MinimumVisualStudioVersion = 10.0.40219.1
Project("{FAE04EC0-301F-11D3-BF4B-00C04F79EFBC}") = "UppgiftStudent", "UppgiftStudent.csproj", "{B8760FA6-60FE-4FBF-A84E-E80811DBE5AF}"
EndProject
Global
	GlobalSection(SolutionConfigurationPlatforms) = preSolution
		Debug|Any CPU = Debug|Any CPU
		Release|Any CPU = Release|Any CPU
	EndGlobalSection
	GlobalSection(ProjectConfigurationPlatforms) = postSolution
		{B8760FA6-60FE-4FBF-A84E-E80811DBE5AF}.Debug|Any CPU.ActiveCfg = Debug|Any CPU
		{B8760FA6-60FE-4FBF-A84E-E80811DBE5AF}.Debug|Any CPU.Build.0 = Debug|Any CPU
		{B8760FA6-60FE-4FBF-A84E-E80811DBE5AF}.Release|Any CPU.ActiveCfg = Release|Any CPU
		{B8760FA6-60FE-4FBF-A84E-E80811DBE5AF}.Release|Any CPU.Build.0 = Release|Any CPU
	EndGlobalSection
	GlobalSection(SolutionProperties) = preSolution
		HideSolutionNode = FALSE
	EndGlobalSection
	GlobalSection(ExtensibilityGlobals) = postSolution
		SolutionGuid = {D3AEC472-1FF0-471C-A70B-C0FD44738536}
	EndGlobalSection
EndGlobal
